
Microsoft Visual Studio Solution File, Format Version 12.00
# Visual Studio Version 16
VisualStudioVersion = 16.0.30011.22
MinimumVisualStudioVersion = 10.0.40219.1
Project("{FAE04EC0-301F-11D3-BF4B-00C04F79EFBC}") = "FirstWebStore", "FirstWebStore\FirstWebStore.csproj", "{9CDF12C5-1C83-481C-BFB1-43563AC3BE30}"
EndProject
Global
	GlobalSection(SolutionConfigurationPlatforms) = preSolution
		Debug|Any CPU = Debug|Any CPU
		Release|Any CPU = Release|Any CPU
	EndGlobalSection
	GlobalSection(ProjectConfigurationPlatforms) = postSolution
		{9CDF12C5-1C83-481C-BFB1-43563AC3BE30}.Debug|Any CPU.ActiveCfg = Debug|Any CPU
		{9CDF12C5-1C83-481C-BFB1-43563AC3BE30}.Debug|Any CPU.Build.0 = Debug|Any CPU
		{9CDF12C5-1C83-481C-BFB1-43563AC3BE30}.Release|Any CPU.ActiveCfg = Release|Any CPU
		{9CDF12C5-1C83-481C-BFB1-43563AC3BE30}.Release|Any CPU.Build.0 = Release|Any CPU
	EndGlobalSection
	GlobalSection(SolutionProperties) = preSolution
		HideSolutionNode = FALSE
	EndGlobalSection
	GlobalSection(ExtensibilityGlobals) = postSolution
		SolutionGuid = {474DA511-2596-4A0B-B6B6-A84B67DFD456}
	EndGlobalSection
EndGlobal
